
Microsoft Visual Studio Solution File, Format Version 12.00
# Visual Studio Version 17
VisualStudioVersion = 17.5.33516.290
MinimumVisualStudioVersion = 10.0.40219.1
Project("{FAE04EC0-301F-11D3-BF4B-00C04F79EFBC}") = "ApiEstudiante", "ApiEstudiante.csproj", "{6B18A2AE-2ABB-4089-A60A-6DA5D477847A}"
EndProject
Global
	GlobalSection(SolutionConfigurationPlatforms) = preSolution
		Debug|Any CPU = Debug|Any CPU
		Release|Any CPU = Release|Any CPU
	EndGlobalSection
	GlobalSection(ProjectConfigurationPlatforms) = postSolution
		{6B18A2AE-2ABB-4089-A60A-6DA5D477847A}.Debug|Any CPU.ActiveCfg = Debug|Any CPU
		{6B18A2AE-2ABB-4089-A60A-6DA5D477847A}.Debug|Any CPU.Build.0 = Debug|Any CPU
		{6B18A2AE-2ABB-4089-A60A-6DA5D477847A}.Release|Any CPU.ActiveCfg = Release|Any CPU
		{6B18A2AE-2ABB-4089-A60A-6DA5D477847A}.Release|Any CPU.Build.0 = Release|Any CPU
	EndGlobalSection
	GlobalSection(SolutionProperties) = preSolution
		HideSolutionNode = FALSE
	EndGlobalSection
	GlobalSection(ExtensibilityGlobals) = postSolution
		SolutionGuid = {A6833A62-FBBD-486C-88B6-D1F725C10D4C}
	EndGlobalSection
EndGlobal
